
Microsoft Visual Studio Solution File, Format Version 12.00
# Visual Studio Version 16
VisualStudioVersion = 16.0.31025.194
MinimumVisualStudioVersion = 10.0.40219.1
Project("{9A19103F-16F7-4668-BE54-9A1E7A4F7556}") = "ValheimPlusManager.UI", "ValheimPlusManager.UI\ValheimPlusManager.UI.csproj", "{0F4EAC1A-4C09-4892-BEEB-9DCE81144560}"
EndProject
Project("{FAE04EC0-301F-11D3-BF4B-00C04F79EFBC}") = "ValheimPlusManager.Core", "ValheimPlusManager.Core\ValheimPlusManager.Core.csproj", "{41ED3BA3-C961-465C-8409-EA849A7D6EFC}"
EndProject
Project("{2150E333-8FDC-42A3-9474-1A3956D46DE8}") = "Solution Items", "Solution Items", "{2AAECF06-BC17-4DB9-A8BF-BA7894D3D900}"
	ProjectSection(SolutionItems) = preProject
		.editorconfig = .editorconfig
	EndProjectSection
EndProject
Global
	GlobalSection(SolutionConfigurationPlatforms) = preSolution
		Debug|Any CPU = Debug|Any CPU
		Release|Any CPU = Release|Any CPU
	EndGlobalSection
	GlobalSection(ProjectConfigurationPlatforms) = postSolution
		{0F4EAC1A-4C09-4892-BEEB-9DCE81144560}.Debug|Any CPU.ActiveCfg = Debug|Any CPU
		{0F4EAC1A-4C09-4892-BEEB-9DCE81144560}.Debug|Any CPU.Build.0 = Debug|Any CPU
		{0F4EAC1A-4C09-4892-BEEB-9DCE81144560}.Release|Any CPU.ActiveCfg = Release|Any CPU
		{0F4EAC1A-4C09-4892-BEEB-9DCE81144560}.Release|Any CPU.Build.0 = Release|Any CPU
		{41ED3BA3-C961-465C-8409-EA849A7D6EFC}.Debug|Any CPU.ActiveCfg = Debug|Any CPU
		{41ED3BA3-C961-465C-8409-EA849A7D6EFC}.Debug|Any CPU.Build.0 = Debug|Any CPU
		{41ED3BA3-C961-465C-8409-EA849A7D6EFC}.Release|Any CPU.ActiveCfg = Release|Any CPU
		{41ED3BA3-C961-465C-8409-EA849A7D6EFC}.Release|Any CPU.Build.0 = Release|Any CPU
	EndGlobalSection
	GlobalSection(SolutionProperties) = preSolution
		HideSolutionNode = FALSE
	EndGlobalSection
	GlobalSection(ExtensibilityGlobals) = postSolution
		SolutionGuid = {F36A9A2C-27BA-4B4E-A199-B6D4E61F3F0E}
	EndGlobalSection
EndGlobal
